# generated by rye
# use `rye lock` or `rye sync` to update this lockfile
#
# last locked with the following flags:
#   pre: false
#   features: []
#   all-features: false
#   with-sources: false
#   generate-hashes: false
#   universal: false

-e file:.
certifi==2025.1.31
    # via requests
charset-normalizer==3.4.1
    # via requests
click==8.1.8
    # via genbadge
coverage==7.6.12
defusedxml==0.7.1
genbadge==1.1.1
idna==3.10
    # via requests
iniconfig==2.0.0
    # via pytest
jinja2==3.1.6
    # via pybadges
markupsafe==3.0.2
    # via jinja2
mypy==1.15.0
mypy-extensions==1.0.0
    # via mypy
packaging==24.2
    # via pytest
pillow==11.1.0
    # via genbadge
pluggy==1.5.0
    # via pytest
pybadge==0.0.1
pybadges==3.0.1
pytest==8.3.5
requests==2.32.3
    # via genbadge
    # via pybadges
ruff==0.9.10
setuptools==75.8.2
    # via genbadge
typing-extensions==4.12.2
    # via mypy
urllib3==2.3.0
    # via requests
